// !$*UTF8*$!
{
	archiveVersion = 1;
	classes = {
	};
	objectVersion = 56;
	objects = {

/* Begin PBXBuildFile section */
		94891E1A2B73165C00DB4444 /* eliteapartmentsappApp.swift in Sources */ = {isa = PBXBuildFile; fileRef = 94891E192B73165C00DB4444 /* eliteapartmentsappApp.swift */; };
		94891E1E2B73165E00DB4444 /* Assets.xcassets in Resources */ = {isa = PBXBuildFile; fileRef = 94891E1D2B73165E00DB4444 /* Assets.xcassets */; };
		94891E212B73165E00DB4444 /* Preview Assets.xcassets in Resources */ = {isa = PBXBuildFile; fileRef = 94891E202B73165E00DB4444 /* Preview Assets.xcassets */; };
		94891E2B2B73165F00DB4444 /* eliteapartmentsappTests.swift in Sources */ = {isa = PBXBuildFile; fileRef = 94891E2A2B73165F00DB4444 /* eliteapartmentsappTests.swift */; };
		94891E352B73165F00DB4444 /* eliteapartmentsappUITests.swift in Sources */ = {isa = PBXBuildFile; fileRef = 94891E342B73165F00DB4444 /* eliteapartmentsappUITests.swift */; };
		94891E372B73165F00DB4444 /* eliteapartmentsappUITestsLaunchTests.swift in Sources */ = {isa = PBXBuildFile; fileRef = 94891E362B73165F00DB4444 /* eliteapartmentsappUITestsLaunchTests.swift */; };
		94891E522B731BB000DB4444 /* ImageModel.swift in Sources */ = {isa = PBXBuildFile; fileRef = 94891E512B731BB000DB4444 /* ImageModel.swift */; };
		94891E542B731BDD00DB4444 /* ImageListView.swift in Sources */ = {isa = PBXBuildFile; fileRef = 94891E532B731BDD00DB4444 /* ImageListView.swift */; };
		94891E562B731C0E00DB4444 /* ImageListViewModel.swift in Sources */ = {isa = PBXBuildFile; fileRef = 94891E552B731C0E00DB4444 /* ImageListViewModel.swift */; };
		94891E582B731C4200DB4444 /* ImageRepository.swift in Sources */ = {isa = PBXBuildFile; fileRef = 94891E572B731C4200DB4444 /* ImageRepository.swift */; };
		94891E5A2B731C6600DB4444 /* ImageService.swift in Sources */ = {isa = PBXBuildFile; fileRef = 94891E592B731C6600DB4444 /* ImageService.swift */; };
		94891E5C2B731CD200DB4444 /* UserDefaultsHelper.swift in Sources */ = {isa = PBXBuildFile; fileRef = 94891E5B2B731CD200DB4444 /* UserDefaultsHelper.swift */; };
		94891E5F2B731D0700DB4444 /* Image+Extension.swift in Sources */ = {isa = PBXBuildFile; fileRef = 94891E5E2B731D0700DB4444 /* Image+Extension.swift */; };
		94891E612B731D6800DB4444 /* ImageServiceProtocol.swift in Sources */ = {isa = PBXBuildFile; fileRef = 94891E602B731D6800DB4444 /* ImageServiceProtocol.swift */; };
		94891E632B731D9200DB4444 /* ImageRepositoryProtocol.swift in Sources */ = {isa = PBXBuildFile; fileRef = 94891E622B731D9200DB4444 /* ImageRepositoryProtocol.swift */; };
		94891E652B731E4A00DB4444 /* ImageDetailView.swift in Sources */ = {isa = PBXBuildFile; fileRef = 94891E642B731E4A00DB4444 /* ImageDetailView.swift */; };
		94891E672B731E7600DB4444 /* ImageDetailViewModel.swift in Sources */ = {isa = PBXBuildFile; fileRef = 94891E662B731E7600DB4444 /* ImageDetailViewModel.swift */; };
		94891E6D2B732E9B00DB4444 /* ImageListStrings.swift in Sources */ = {isa = PBXBuildFile; fileRef = 94891E6C2B732E9B00DB4444 /* ImageListStrings.swift */; };
		94891E712B7330D900DB4444 /* ImageDetailStrings.swift in Sources */ = {isa = PBXBuildFile; fileRef = 94891E702B7330D900DB4444 /* ImageDetailStrings.swift */; };
/* End PBXBuildFile section */

/* Begin PBXContainerItemProxy section */
		94891E272B73165F00DB4444 /* PBXContainerItemProxy */ = {
			isa = PBXContainerItemProxy;
			containerPortal = 94891E0E2B73165C00DB4444 /* Project object */;
			proxyType = 1;
			remoteGlobalIDString = 94891E152B73165C00DB4444;
			remoteInfo = eliteapartmentsapp;
		};
		94891E312B73165F00DB4444 /* PBXContainerItemProxy */ = {
			isa = PBXContainerItemProxy;
			containerPortal = 94891E0E2B73165C00DB4444 /* Project object */;
			proxyType = 1;
			remoteGlobalIDString = 94891E152B73165C00DB4444;
			remoteInfo = eliteapartmentsapp;
		};
/* End PBXContainerItemProxy section */

/* Begin PBXFileReference section */
		94891E162B73165C00DB4444 /* eliteapartmentsapp.app */ = {isa = PBXFileReference; explicitFileType = wrapper.application; includeInIndex = 0; path = eliteapartmentsapp.app; sourceTree = BUILT_PRODUCTS_DIR; };
		94891E192B73165C00DB4444 /* eliteapartmentsappApp.swift */ = {isa = PBXFileReference; lastKnownFileType = sourcecode.swift; path = eliteapartmentsappApp.swift; sourceTree = "<group>"; };
		94891E1D2B73165E00DB4444 /* Assets.xcassets */ = {isa = PBXFileReference; lastKnownFileType = folder.assetcatalog; path = Assets.xcassets; sourceTree = "<group>"; };
		94891E202B73165E00DB4444 /* Preview Assets.xcassets */ = {isa = PBXFileReference; lastKnownFileType = folder.assetcatalog; path = "Preview Assets.xcassets"; sourceTree = "<group>"; };
		94891E262B73165F00DB4444 /* eliteapartmentsappTests.xctest */ = {isa = PBXFileReference; explicitFileType = wrapper.cfbundle; includeInIndex = 0; path = eliteapartmentsappTests.xctest; sourceTree = BUILT_PRODUCTS_DIR; };
		94891E2A2B73165F00DB4444 /* eliteapartmentsappTests.swift */ = {isa = PBXFileReference; lastKnownFileType = sourcecode.swift; path = eliteapartmentsappTests.swift; sourceTree = "<group>"; };
		94891E302B73165F00DB4444 /* eliteapartmentsappUITests.xctest */ = {isa = PBXFileReference; explicitFileType = wrapper.cfbundle; includeInIndex = 0; path = eliteapartmentsappUITests.xctest; sourceTree = BUILT_PRODUCTS_DIR; };
		94891E342B73165F00DB4444 /* eliteapartmentsappUITests.swift */ = {isa = PBXFileReference; lastKnownFileType = sourcecode.swift; path = eliteapartmentsappUITests.swift; sourceTree = "<group>"; };
		94891E362B73165F00DB4444 /* eliteapartmentsappUITestsLaunchTests.swift */ = {isa = PBXFileReference; lastKnownFileType = sourcecode.swift; path = eliteapartmentsappUITestsLaunchTests.swift; sourceTree = "<group>"; };
		94891E512B731BB000DB4444 /* ImageModel.swift */ = {isa = PBXFileReference; lastKnownFileType = sourcecode.swift; path = ImageModel.swift; sourceTree = "<group>"; };
		94891E532B731BDD00DB4444 /* ImageListView.swift */ = {isa = PBXFileReference; lastKnownFileType = sourcecode.swift; path = ImageListView.swift; sourceTree = "<group>"; };
		94891E552B731C0E00DB4444 /* ImageListViewModel.swift */ = {isa = PBXFileReference; lastKnownFileType = sourcecode.swift; path = ImageListViewModel.swift; sourceTree = "<group>"; };
		94891E572B731C4200DB4444 /* ImageRepository.swift */ = {isa = PBXFileReference; lastKnownFileType = sourcecode.swift; path = ImageRepository.swift; sourceTree = "<group>"; };
		94891E592B731C6600DB4444 /* ImageService.swift */ = {isa = PBXFileReference; lastKnownFileType = sourcecode.swift; path = ImageService.swift; sourceTree = "<group>"; };
		94891E5B2B731CD200DB4444 /* UserDefaultsHelper.swift */ = {isa = PBXFileReference; lastKnownFileType = sourcecode.swift; path = UserDefaultsHelper.swift; sourceTree = "<group>"; };
		94891E5E2B731D0700DB4444 /* Image+Extension.swift */ = {isa = PBXFileReference; lastKnownFileType = sourcecode.swift; path = "Image+Extension.swift"; sourceTree = "<group>"; };
		94891E602B731D6800DB4444 /* ImageServiceProtocol.swift */ = {isa = PBXFileReference; lastKnownFileType = sourcecode.swift; path = ImageServiceProtocol.swift; sourceTree = "<group>"; };
		94891E622B731D9200DB4444 /* ImageRepositoryProtocol.swift */ = {isa = PBXFileReference; lastKnownFileType = sourcecode.swift; path = ImageRepositoryProtocol.swift; sourceTree = "<group>"; };
		94891E642B731E4A00DB4444 /* ImageDetailView.swift */ = {isa = PBXFileReference; lastKnownFileType = sourcecode.swift; path = ImageDetailView.swift; sourceTree = "<group>"; };
		94891E662B731E7600DB4444 /* ImageDetailViewModel.swift */ = {isa = PBXFileReference; lastKnownFileType = sourcecode.swift; path = ImageDetailViewModel.swift; sourceTree = "<group>"; };
		94891E6C2B732E9B00DB4444 /* ImageListStrings.swift */ = {isa = PBXFileReference; lastKnownFileType = sourcecode.swift; path = ImageListStrings.swift; sourceTree = "<group>"; };
		94891E702B7330D900DB4444 /* ImageDetailStrings.swift */ = {isa = PBXFileReference; lastKnownFileType = sourcecode.swift; path = ImageDetailStrings.swift; sourceTree = "<group>"; };
/* End PBXFileReference section */

/* Begin PBXFrameworksBuildPhase section */
		94891E132B73165C00DB4444 /* Frameworks */ = {
			isa = PBXFrameworksBuildPhase;
			buildActionMask = 2147483647;
			files = (
			);
			runOnlyForDeploymentPostprocessing = 0;
		};
		94891E232B73165F00DB4444 /* Frameworks */ = {
			isa = PBXFrameworksBuildPhase;
			buildActionMask = 2147483647;
			files = (
			);
			runOnlyForDeploymentPostprocessing = 0;
		};
		94891E2D2B73165F00DB4444 /* Frameworks */ = {
			isa = PBXFrameworksBuildPhase;
			buildActionMask = 2147483647;
			files = (
			);
			runOnlyForDeploymentPostprocessing = 0;
		};
/* End PBXFrameworksBuildPhase section */

/* Begin PBXGroup section */
		94891E0D2B73165C00DB4444 = {
			isa = PBXGroup;
			children = (
				94891E182B73165C00DB4444 /* eliteapartmentsapp */,
				94891E292B73165F00DB4444 /* eliteapartmentsappTests */,
				94891E332B73165F00DB4444 /* eliteapartmentsappUITests */,
				94891E172B73165C00DB4444 /* Products */,
			);
			sourceTree = "<group>";
		};
		94891E172B73165C00DB4444 /* Products */ = {
			isa = PBXGroup;
			children = (
				94891E162B73165C00DB4444 /* eliteapartmentsapp.app */,
				94891E262B73165F00DB4444 /* eliteapartmentsappTests.xctest */,
				94891E302B73165F00DB4444 /* eliteapartmentsappUITests.xctest */,
			);
			name = Products;
			sourceTree = "<group>";
		};
		94891E182B73165C00DB4444 /* eliteapartmentsapp */ = {
			isa = PBXGroup;
			children = (
				94891E6B2B732E6A00DB4444 /* Supporting Files */,
				94891E4E2B731A2D00DB4444 /* Resources */,
				94891E432B73197F00DB4444 /* ImageList */,
				94891E4B2B7319EA00DB4444 /* ImageDetail */,
				94891E192B73165C00DB4444 /* eliteapartmentsappApp.swift */,
				94891E1F2B73165E00DB4444 /* Preview Content */,
			);
			path = eliteapartmentsapp;
			sourceTree = "<group>";
		};
		94891E1F2B73165E00DB4444 /* Preview Content */ = {
			isa = PBXGroup;
			children = (
				94891E202B73165E00DB4444 /* Preview Assets.xcassets */,
			);
			path = "Preview Content";
			sourceTree = "<group>";
		};
		94891E292B73165F00DB4444 /* eliteapartmentsappTests */ = {
			isa = PBXGroup;
			children = (
				94891E2A2B73165F00DB4444 /* eliteapartmentsappTests.swift */,
			);
			path = eliteapartmentsappTests;
			sourceTree = "<group>";
		};
		94891E332B73165F00DB4444 /* eliteapartmentsappUITests */ = {
			isa = PBXGroup;
			children = (
				94891E342B73165F00DB4444 /* eliteapartmentsappUITests.swift */,
				94891E362B73165F00DB4444 /* eliteapartmentsappUITestsLaunchTests.swift */,
			);
			path = eliteapartmentsappUITests;
			sourceTree = "<group>";
		};
		94891E432B73197F00DB4444 /* ImageList */ = {
			isa = PBXGroup;
			children = (
				94891E4A2B7319E400DB4444 /* Models */,
				94891E492B7319C100DB4444 /* Views */,
				94891E482B7319B800DB4444 /* ViewModels */,
				94891E472B7319AE00DB4444 /* Services */,
				94891E462B7319A500DB4444 /* Repositories */,
				94891E452B73199D00DB4444 /* Helpers */,
				94891E5D2B731CF300DB4444 /* Extensions */,
				94891E442B73199400DB4444 /* Protocols */,
			);
			path = ImageList;
			sourceTree = "<group>";
		};
		94891E442B73199400DB4444 /* Protocols */ = {
			isa = PBXGroup;
			children = (
				94891E602B731D6800DB4444 /* ImageServiceProtocol.swift */,
				94891E622B731D9200DB4444 /* ImageRepositoryProtocol.swift */,
			);
			path = Protocols;
			sourceTree = "<group>";
		};
		94891E452B73199D00DB4444 /* Helpers */ = {
			isa = PBXGroup;
			children = (
				94891E5B2B731CD200DB4444 /* UserDefaultsHelper.swift */,
			);
			path = Helpers;
			sourceTree = "<group>";
		};
		94891E462B7319A500DB4444 /* Repositories */ = {
			isa = PBXGroup;
			children = (
				94891E572B731C4200DB4444 /* ImageRepository.swift */,
			);
			path = Repositories;
			sourceTree = "<group>";
		};
		94891E472B7319AE00DB4444 /* Services */ = {
			isa = PBXGroup;
			children = (
				94891E592B731C6600DB4444 /* ImageService.swift */,
			);
			path = Services;
			sourceTree = "<group>";
		};
		94891E482B7319B800DB4444 /* ViewModels */ = {
			isa = PBXGroup;
			children = (
				94891E552B731C0E00DB4444 /* ImageListViewModel.swift */,
			);
			path = ViewModels;
			sourceTree = "<group>";
		};
		94891E492B7319C100DB4444 /* Views */ = {
			isa = PBXGroup;
			children = (
				94891E532B731BDD00DB4444 /* ImageListView.swift */,
			);
			path = Views;
			sourceTree = "<group>";
		};
		94891E4A2B7319E400DB4444 /* Models */ = {
			isa = PBXGroup;
			children = (
				94891E512B731BB000DB4444 /* ImageModel.swift */,
			);
			path = Models;
			sourceTree = "<group>";
		};
		94891E4B2B7319EA00DB4444 /* ImageDetail */ = {
			isa = PBXGroup;
			children = (
				94891E4D2B731A0B00DB4444 /* Views */,
				94891E4C2B731A0300DB4444 /* ViewModels */,
			);
			path = ImageDetail;
			sourceTree = "<group>";
		};
		94891E4C2B731A0300DB4444 /* ViewModels */ = {
			isa = PBXGroup;
			children = (
				94891E662B731E7600DB4444 /* ImageDetailViewModel.swift */,
			);
			path = ViewModels;
			sourceTree = "<group>";
		};
		94891E4D2B731A0B00DB4444 /* Views */ = {
			isa = PBXGroup;
			children = (
				94891E642B731E4A00DB4444 /* ImageDetailView.swift */,
			);
			path = Views;
			sourceTree = "<group>";
		};
		94891E4E2B731A2D00DB4444 /* Resources */ = {
			isa = PBXGroup;
			children = (
				94891E1D2B73165E00DB4444 /* Assets.xcassets */,
			);
			path = Resources;
			sourceTree = "<group>";
		};
		94891E5D2B731CF300DB4444 /* Extensions */ = {
			isa = PBXGroup;
			children = (
				94891E5E2B731D0700DB4444 /* Image+Extension.swift */,
			);
			path = Extensions;
			sourceTree = "<group>";
		};
		94891E6B2B732E6A00DB4444 /* Supporting Files */ = {
			isa = PBXGroup;
			children = (
				94891E6C2B732E9B00DB4444 /* ImageListStrings.swift */,
				94891E702B7330D900DB4444 /* ImageDetailStrings.swift */,
			);
			path = "Supporting Files";
			sourceTree = "<group>";
		};
/* End PBXGroup section */

/* Begin PBXNativeTarget section */
		94891E152B73165C00DB4444 /* eliteapartmentsapp */ = {
			isa = PBXNativeTarget;
			buildConfigurationList = 94891E3A2B73165F00DB4444 /* Build configuration list for PBXNativeTarget "eliteapartmentsapp" */;
			buildPhases = (
				94891E122B73165C00DB4444 /* Sources */,
				94891E132B73165C00DB4444 /* Frameworks */,
				94891E142B73165C00DB4444 /* Resources */,
			);
			buildRules = (
			);
			dependencies = (
			);
			name = eliteapartmentsapp;
			productName = eliteapartmentsapp;
			productReference = 94891E162B73165C00DB4444 /* eliteapartmentsapp.app */;
			productType = "com.apple.product-type.application";
		};
		94891E252B73165F00DB4444 /* eliteapartmentsappTests */ = {
			isa = PBXNativeTarget;
			buildConfigurationList = 94891E3D2B73165F00DB4444 /* Build configuration list for PBXNativeTarget "eliteapartmentsappTests" */;
			buildPhases = (
				94891E222B73165F00DB4444 /* Sources */,
				94891E232B73165F00DB4444 /* Frameworks */,
				94891E242B73165F00DB4444 /* Resources */,
			);
			buildRules = (
			);
			dependencies = (
				94891E282B73165F00DB4444 /* PBXTargetDependency */,
			);
			name = eliteapartmentsappTests;
			productName = eliteapartmentsappTests;
			productReference = 94891E262B73165F00DB4444 /* eliteapartmentsappTests.xctest */;
			productType = "com.apple.product-type.bundle.unit-test";
		};
		94891E2F2B73165F00DB4444 /* eliteapartmentsappUITests */ = {
			isa = PBXNativeTarget;
			buildConfigurationList = 94891E402B73165F00DB4444 /* Build configuration list for PBXNativeTarget "eliteapartmentsappUITests" */;
			buildPhases = (
				94891E2C2B73165F00DB4444 /* Sources */,
				94891E2D2B73165F00DB4444 /* Frameworks */,
				94891E2E2B73165F00DB4444 /* Resources */,
			);
			buildRules = (
			);
			dependencies = (
				94891E322B73165F00DB4444 /* PBXTargetDependency */,
			);
			name = eliteapartmentsappUITests;
			productName = eliteapartmentsappUITests;
			productReference = 94891E302B73165F00DB4444 /* eliteapartmentsappUITests.xctest */;
			productType = "com.apple.product-type.bundle.ui-testing";
		};
/* End PBXNativeTarget section */

/* Begin PBXProject section */
		94891E0E2B73165C00DB4444 /* Project object */ = {
			isa = PBXProject;
			attributes = {
				BuildIndependentTargetsInParallel = 1;
				LastSwiftUpdateCheck = 1520;
				LastUpgradeCheck = 1520;
				TargetAttributes = {
					94891E152B73165C00DB4444 = {
						CreatedOnToolsVersion = 15.2;
					};
					94891E252B73165F00DB4444 = {
						CreatedOnToolsVersion = 15.2;
						TestTargetID = 94891E152B73165C00DB4444;
					};
					94891E2F2B73165F00DB4444 = {
						CreatedOnToolsVersion = 15.2;
						TestTargetID = 94891E152B73165C00DB4444;
					};
				};
			};
			buildConfigurationList = 94891E112B73165C00DB4444 /* Build configuration list for PBXProject "eliteapartmentsapp" */;
			compatibilityVersion = "Xcode 14.0";
			developmentRegion = en;
			hasScannedForEncodings = 0;
			knownRegions = (
				en,
				Base,
			);
			mainGroup = 94891E0D2B73165C00DB4444;
			productRefGroup = 94891E172B73165C00DB4444 /* Products */;
			projectDirPath = "";
			projectRoot = "";
			targets = (
				94891E152B73165C00DB4444 /* eliteapartmentsapp */,
				94891E252B73165F00DB4444 /* eliteapartmentsappTests */,
				94891E2F2B73165F00DB4444 /* eliteapartmentsappUITests */,
			);
		};
/* End PBXProject section */

/* Begin PBXResourcesBuildPhase section */
		94891E142B73165C00DB4444 /* Resources */ = {
			isa = PBXResourcesBuildPhase;
			buildActionMask = 2147483647;
			files = (
				94891E212B73165E00DB4444 /* Preview Assets.xcassets in Resources */,
				94891E1E2B73165E00DB4444 /* Assets.xcassets in Resources */,
			);
			runOnlyForDeploymentPostprocessing = 0;
		};
		94891E242B73165F00DB4444 /* Resources */ = {
			isa = PBXResourcesBuildPhase;
			buildActionMask = 2147483647;
			files = (
			);
			runOnlyForDeploymentPostprocessing = 0;
		};
		94891E2E2B73165F00DB4444 /* Resources */ = {
			isa = PBXResourcesBuildPhase;
			buildActionMask = 2147483647;
			files = (
			);
			runOnlyForDeploymentPostprocessing = 0;
		};
/* End PBXResourcesBuildPhase section */

/* Begin PBXSourcesBuildPhase section */
		94891E122B73165C00DB4444 /* Sources */ = {
			isa = PBXSourcesBuildPhase;
			buildActionMask = 2147483647;
			files = (
				94891E612B731D6800DB4444 /* ImageServiceProtocol.swift in Sources */,
				94891E5C2B731CD200DB4444 /* UserDefaultsHelper.swift in Sources */,
				94891E1A2B73165C00DB4444 /* eliteapartmentsappApp.swift in Sources */,
				94891E672B731E7600DB4444 /* ImageDetailViewModel.swift in Sources */,
				94891E652B731E4A00DB4444 /* ImageDetailView.swift in Sources */,
				94891E542B731BDD00DB4444 /* ImageListView.swift in Sources */,
				94891E5F2B731D0700DB4444 /* Image+Extension.swift in Sources */,
				94891E582B731C4200DB4444 /* ImageRepository.swift in Sources */,
				94891E562B731C0E00DB4444 /* ImageListViewModel.swift in Sources */,
				94891E6D2B732E9B00DB4444 /* ImageListStrings.swift in Sources */,
				94891E522B731BB000DB4444 /* ImageModel.swift in Sources */,
				94891E5A2B731C6600DB4444 /* ImageService.swift in Sources */,
				94891E632B731D9200DB4444 /* ImageRepositoryProtocol.swift in Sources */,
				94891E712B7330D900DB4444 /* ImageDetailStrings.swift in Sources */,
			);
			runOnlyForDeploymentPostprocessing = 0;
		};
		94891E222B73165F00DB4444 /* Sources */ = {
			isa = PBXSourcesBuildPhase;
			buildActionMask = 2147483647;
			files = (
				94891E2B2B73165F00DB4444 /* eliteapartmentsappTests.swift in Sources */,
			);
			runOnlyForDeploymentPostprocessing = 0;
		};
		94891E2C2B73165F00DB4444 /* Sources */ = {
			isa = PBXSourcesBuildPhase;
			buildActionMask = 2147483647;
			files = (
				94891E352B73165F00DB4444 /* eliteapartmentsappUITests.swift in Sources */,
				94891E372B73165F00DB4444 /* eliteapartmentsappUITestsLaunchTests.swift in Sources */,
			);
			runOnlyForDeploymentPostprocessing = 0;
		};
/* End PBXSourcesBuildPhase section */

/* Begin PBXTargetDependency section */
		94891E282B73165F00DB4444 /* PBXTargetDependency */ = {
			isa = PBXTargetDependency;
			target = 94891E152B73165C00DB4444 /* eliteapartmentsapp */;
			targetProxy = 94891E272B73165F00DB4444 /* PBXContainerItemProxy */;
		};
		94891E322B73165F00DB4444 /* PBXTargetDependency */ = {
			isa = PBXTargetDependency;
			target = 94891E152B73165C00DB4444 /* eliteapartmentsapp */;
			targetProxy = 94891E312B73165F00DB4444 /* PBXContainerItemProxy */;
		};
/* End PBXTargetDependency section */

/* Begin XCBuildConfiguration section */
		94891E382B73165F00DB4444 /* Debug */ = {
			isa = XCBuildConfiguration;
			buildSettings = {
				ALWAYS_SEARCH_USER_PATHS = NO;
				ASSETCATALOG_COMPILER_GENERATE_SWIFT_ASSET_SYMBOL_EXTENSIONS = YES;
				CLANG_ANALYZER_NONNULL = YES;
				CLANG_ANALYZER_NUMBER_OBJECT_CONVERSION = YES_AGGRESSIVE;
				CLANG_CXX_LANGUAGE_STANDARD = "gnu++20";
				CLANG_ENABLE_MODULES = YES;
				CLANG_ENABLE_OBJC_ARC = YES;
				CLANG_ENABLE_OBJC_WEAK = YES;
				CLANG_WARN_BLOCK_CAPTURE_AUTORELEASING = YES;
				CLANG_WARN_BOOL_CONVERSION = YES;
				CLANG_WARN_COMMA = YES;
				CLANG_WARN_CONSTANT_CONVERSION = YES;
				CLANG_WARN_DEPRECATED_OBJC_IMPLEMENTATIONS = YES;
				CLANG_WARN_DIRECT_OBJC_ISA_USAGE = YES_ERROR;
				CLANG_WARN_DOCUMENTATION_COMMENTS = YES;
				CLANG_WARN_EMPTY_BODY = YES;
				CLANG_WARN_ENUM_CONVERSION = YES;
				CLANG_WARN_INFINITE_RECURSION = YES;
				CLANG_WARN_INT_CONVERSION = YES;
				CLANG_WARN_NON_LITERAL_NULL_CONVERSION = YES;
				CLANG_WARN_OBJC_IMPLICIT_RETAIN_SELF = YES;
				CLANG_WARN_OBJC_LITERAL_CONVERSION = YES;
				CLANG_WARN_OBJC_ROOT_CLASS = YES_ERROR;
				CLANG_WARN_QUOTED_INCLUDE_IN_FRAMEWORK_HEADER = YES;
				CLANG_WARN_RANGE_LOOP_ANALYSIS = YES;
				CLANG_WARN_STRICT_PROTOTYPES = YES;
				CLANG_WARN_SUSPICIOUS_MOVE = YES;
				CLANG_WARN_UNGUARDED_AVAILABILITY = YES_AGGRESSIVE;
				CLANG_WARN_UNREACHABLE_CODE = YES;
				CLANG_WARN__DUPLICATE_METHOD_MATCH = YES;
				COPY_PHASE_STRIP = NO;
				DEBUG_INFORMATION_FORMAT = dwarf;
				ENABLE_STRICT_OBJC_MSGSEND = YES;
				ENABLE_TESTABILITY = YES;
				ENABLE_USER_SCRIPT_SANDBOXING = YES;
				GCC_C_LANGUAGE_STANDARD = gnu17;
				GCC_DYNAMIC_NO_PIC = NO;
				GCC_NO_COMMON_BLOCKS = YES;
				GCC_OPTIMIZATION_LEVEL = 0;
				GCC_PREPROCESSOR_DEFINITIONS = (
					"DEBUG=1",
					"$(inherited)",
				);
				GCC_WARN_64_TO_32_BIT_CONVERSION = YES;
				GCC_WARN_ABOUT_RETURN_TYPE = YES_ERROR;
				GCC_WARN_UNDECLARED_SELECTOR = YES;
				GCC_WARN_UNINITIALIZED_AUTOS = YES_AGGRESSIVE;
				GCC_WARN_UNUSED_FUNCTION = YES;
				GCC_WARN_UNUSED_VARIABLE = YES;
				IPHONEOS_DEPLOYMENT_TARGET = 17.2;
				LOCALIZATION_PREFERS_STRING_CATALOGS = YES;
				MTL_ENABLE_DEBUG_INFO = INCLUDE_SOURCE;
				MTL_FAST_MATH = YES;
				ONLY_ACTIVE_ARCH = YES;
				SDKROOT = iphoneos;
				SWIFT_ACTIVE_COMPILATION_CONDITIONS = "DEBUG $(inherited)";
				SWIFT_OPTIMIZATION_LEVEL = "-Onone";
			};
			name = Debug;
		};
		94891E392B73165F00DB4444 /* Release */ = {
			isa = XCBuildConfiguration;
			buildSettings = {
				ALWAYS_SEARCH_USER_PATHS = NO;
				ASSETCATALOG_COMPILER_GENERATE_SWIFT_ASSET_SYMBOL_EXTENSIONS = YES;
				CLANG_ANALYZER_NONNULL = YES;
				CLANG_ANALYZER_NUMBER_OBJECT_CONVERSION = YES_AGGRESSIVE;
				CLANG_CXX_LANGUAGE_STANDARD = "gnu++20";
				CLANG_ENABLE_MODULES = YES;
				CLANG_ENABLE_OBJC_ARC = YES;
				CLANG_ENABLE_OBJC_WEAK = YES;
				CLANG_WARN_BLOCK_CAPTURE_AUTORELEASING = YES;
				CLANG_WARN_BOOL_CONVERSION = YES;
				CLANG_WARN_COMMA = YES;
				CLANG_WARN_CONSTANT_CONVERSION = YES;
				CLANG_WARN_DEPRECATED_OBJC_IMPLEMENTATIONS = YES;
				CLANG_WARN_DIRECT_OBJC_ISA_USAGE = YES_ERROR;
				CLANG_WARN_DOCUMENTATION_COMMENTS = YES;
				CLANG_WARN_EMPTY_BODY = YES;
				CLANG_WARN_ENUM_CONVERSION = YES;
				CLANG_WARN_INFINITE_RECURSION = YES;
				CLANG_WARN_INT_CONVERSION = YES;
				CLANG_WARN_NON_LITERAL_NULL_CONVERSION = YES;
				CLANG_WARN_OBJC_IMPLICIT_RETAIN_SELF = YES;
				CLANG_WARN_OBJC_LITERAL_CONVERSION = YES;
				CLANG_WARN_OBJC_ROOT_CLASS = YES_ERROR;
				CLANG_WARN_QUOTED_INCLUDE_IN_FRAMEWORK_HEADER = YES;
				CLANG_WARN_RANGE_LOOP_ANALYSIS = YES;
				CLANG_WARN_STRICT_PROTOTYPES = YES;
				CLANG_WARN_SUSPICIOUS_MOVE = YES;
				CLANG_WARN_UNGUARDED_AVAILABILITY = YES_AGGRESSIVE;
				CLANG_WARN_UNREACHABLE_CODE = YES;
				CLANG_WARN__DUPLICATE_METHOD_MATCH = YES;
				COPY_PHASE_STRIP = NO;
				DEBUG_INFORMATION_FORMAT = "dwarf-with-dsym";
				ENABLE_NS_ASSERTIONS = NO;
				ENABLE_STRICT_OBJC_MSGSEND = YES;
				ENABLE_USER_SCRIPT_SANDBOXING = YES;
				GCC_C_LANGUAGE_STANDARD = gnu17;
				GCC_NO_COMMON_BLOCKS = YES;
				GCC_WARN_64_TO_32_BIT_CONVERSION = YES;
				GCC_WARN_ABOUT_RETURN_TYPE = YES_ERROR;
				GCC_WARN_UNDECLARED_SELECTOR = YES;
				GCC_WARN_UNINITIALIZED_AUTOS = YES_AGGRESSIVE;
				GCC_WARN_UNUSED_FUNCTION = YES;
				GCC_WARN_UNUSED_VARIABLE = YES;
				IPHONEOS_DEPLOYMENT_TARGET = 17.2;
				LOCALIZATION_PREFERS_STRING_CATALOGS = YES;
				MTL_ENABLE_DEBUG_INFO = NO;
				MTL_FAST_MATH = YES;
				SDKROOT = iphoneos;
				SWIFT_COMPILATION_MODE = wholemodule;
				VALIDATE_PRODUCT = YES;
			};
			name = Release;
		};
		94891E3B2B73165F00DB4444 /* Debug */ = {
			isa = XCBuildConfiguration;
			buildSettings = {
				ASSETCATALOG_COMPILER_APPICON_NAME = AppIcon;
				ASSETCATALOG_COMPILER_GLOBAL_ACCENT_COLOR_NAME = AccentColor;
				CODE_SIGN_STYLE = Automatic;
				CURRENT_PROJECT_VERSION = 1;
				DEVELOPMENT_ASSET_PATHS = "\"eliteapartmentsapp/Preview Content\"";
				DEVELOPMENT_TEAM = 65VSGS267M;
				ENABLE_PREVIEWS = YES;
				GENERATE_INFOPLIST_FILE = YES;
				INFOPLIST_KEY_NSPhotoLibraryUsageDescription = "Necesitamos acceder a tus fotos para que puedas seleccionar una para usar en nuestra aplicación";
				INFOPLIST_KEY_UIApplicationSceneManifest_Generation = YES;
				INFOPLIST_KEY_UIApplicationSupportsIndirectInputEvents = YES;
				INFOPLIST_KEY_UILaunchScreen_Generation = YES;
				INFOPLIST_KEY_UISupportedInterfaceOrientations_iPad = "UIInterfaceOrientationPortrait UIInterfaceOrientationPortraitUpsideDown UIInterfaceOrientationLandscapeLeft UIInterfaceOrientationLandscapeRight";
				INFOPLIST_KEY_UISupportedInterfaceOrientations_iPhone = "UIInterfaceOrientationPortrait UIInterfaceOrientationLandscapeLeft UIInterfaceOrientationLandscapeRight";
				LD_RUNPATH_SEARCH_PATHS = (
					"$(inherited)",
					"@executable_path/Frameworks",
				);
				MARKETING_VERSION = 1.0;
				PRODUCT_BUNDLE_IDENTIFIER = geniusoft.eliteapartmentsapp;
				PRODUCT_NAME = "$(TARGET_NAME)";
				SWIFT_EMIT_LOC_STRINGS = YES;
				SWIFT_VERSION = 5.0;
				TARGETED_DEVICE_FAMILY = "1,2";
			};
			name = Debug;
		};
		94891E3C2B73165F00DB4444 /* Release */ = {
			isa = XCBuildConfiguration;
			buildSettings = {
				ASSETCATALOG_COMPILER_APPICON_NAME = AppIcon;
				ASSETCATALOG_COMPILER_GLOBAL_ACCENT_COLOR_NAME = AccentColor;
				CODE_SIGN_STYLE = Automatic;
				CURRENT_PROJECT_VERSION = 1;
				DEVELOPMENT_ASSET_PATHS = "\"eliteapartmentsapp/Preview Content\"";
				DEVELOPMENT_TEAM = 65VSGS267M;
				ENABLE_PREVIEWS = YES;
				GENERATE_INFOPLIST_FILE = YES;
				INFOPLIST_KEY_NSPhotoLibraryUsageDescription = "Necesitamos acceder a tus fotos para que puedas seleccionar una para usar en nuestra aplicación";
				INFOPLIST_KEY_UIApplicationSceneManifest_Generation = YES;
				INFOPLIST_KEY_UIApplicationSupportsIndirectInputEvents = YES;
				INFOPLIST_KEY_UILaunchScreen_Generation = YES;
				INFOPLIST_KEY_UISupportedInterfaceOrientations_iPad = "UIInterfaceOrientationPortrait UIInterfaceOrientationPortraitUpsideDown UIInterfaceOrientationLandscapeLeft UIInterfaceOrientationLandscapeRight";
				INFOPLIST_KEY_UISupportedInterfaceOrientations_iPhone = "UIInterfaceOrientationPortrait UIInterfaceOrientationLandscapeLeft UIInterfaceOrientationLandscapeRight";
				LD_RUNPATH_SEARCH_PATHS = (
					"$(inherited)",
					"@executable_path/Frameworks",
				);
				MARKETING_VERSION = 1.0;
				PRODUCT_BUNDLE_IDENTIFIER = geniusoft.eliteapartmentsapp;
				PRODUCT_NAME = "$(TARGET_NAME)";
				SWIFT_EMIT_LOC_STRINGS = YES;
				SWIFT_VERSION = 5.0;
				TARGETED_DEVICE_FAMILY = "1,2";
			};
			name = Release;
		};
		94891E3E2B73165F00DB4444 /* Debug */ = {
			isa = XCBuildConfiguration;
			buildSettings = {
				ALWAYS_EMBED_SWIFT_STANDARD_LIBRARIES = YES;
				BUNDLE_LOADER = "$(TEST_HOST)";
				CODE_SIGN_STYLE = Automatic;
				CURRENT_PROJECT_VERSION = 1;
				DEVELOPMENT_TEAM = 65VSGS267M;
				GENERATE_INFOPLIST_FILE = YES;
				IPHONEOS_DEPLOYMENT_TARGET = 17.2;
				MARKETING_VERSION = 1.0;
				PRODUCT_BUNDLE_IDENTIFIER = geniusoft.eliteapartmentsappTests;
				PRODUCT_NAME = "$(TARGET_NAME)";
				SWIFT_EMIT_LOC_STRINGS = NO;
				SWIFT_VERSION = 5.0;
				TARGETED_DEVICE_FAMILY = "1,2";
				TEST_HOST = "$(BUILT_PRODUCTS_DIR)/eliteapartmentsapp.app/$(BUNDLE_EXECUTABLE_FOLDER_PATH)/eliteapartmentsapp";
			};
			name = Debug;
		};
		94891E3F2B73165F00DB4444 /* Release */ = {
			isa = XCBuildConfiguration;
			buildSettings = {
				ALWAYS_EMBED_SWIFT_STANDARD_LIBRARIES = YES;
				BUNDLE_LOADER = "$(TEST_HOST)";
				CODE_SIGN_STYLE = Automatic;
				CURRENT_PROJECT_VERSION = 1;
				DEVELOPMENT_TEAM = 65VSGS267M;
				GENERATE_INFOPLIST_FILE = YES;
				IPHONEOS_DEPLOYMENT_TARGET = 17.2;
				MARKETING_VERSION = 1.0;
				PRODUCT_BUNDLE_IDENTIFIER = geniusoft.eliteapartmentsappTests;
				PRODUCT_NAME = "$(TARGET_NAME)";
				SWIFT_EMIT_LOC_STRINGS = NO;
				SWIFT_VERSION = 5.0;
				TARGETED_DEVICE_FAMILY = "1,2";
				TEST_HOST = "$(BUILT_PRODUCTS_DIR)/eliteapartmentsapp.app/$(BUNDLE_EXECUTABLE_FOLDER_PATH)/eliteapartmentsapp";
			};
			name = Release;
		};
		94891E412B73165F00DB4444 /* Debug */ = {
			isa = XCBuildConfiguration;
			buildSettings = {
				ALWAYS_EMBED_SWIFT_STANDARD_LIBRARIES = YES;
				CODE_SIGN_STYLE = Automatic;
				CURRENT_PROJECT_VERSION = 1;
				DEVELOPMENT_TEAM = 65VSGS267M;
				GENERATE_INFOPLIST_FILE = YES;
				MARKETING_VERSION = 1.0;
				PRODUCT_BUNDLE_IDENTIFIER = geniusoft.eliteapartmentsappUITests;
				PRODUCT_NAME = "$(TARGET_NAME)";
				SWIFT_EMIT_LOC_STRINGS = NO;
				SWIFT_VERSION = 5.0;
				TARGETED_DEVICE_FAMILY = "1,2";
				TEST_TARGET_NAME = eliteapartmentsapp;
			};
			name = Debug;
		};
		94891E422B73165F00DB4444 /* Release */ = {
			isa = XCBuildConfiguration;
			buildSettings = {
				ALWAYS_EMBED_SWIFT_STANDARD_LIBRARIES = YES;
				CODE_SIGN_STYLE = Automatic;
				CURRENT_PROJECT_VERSION = 1;
				DEVELOPMENT_TEAM = 65VSGS267M;
				GENERATE_INFOPLIST_FILE = YES;
				MARKETING_VERSION = 1.0;
				PRODUCT_BUNDLE_IDENTIFIER = geniusoft.eliteapartmentsappUITests;
				PRODUCT_NAME = "$(TARGET_NAME)";
				SWIFT_EMIT_LOC_STRINGS = NO;
				SWIFT_VERSION = 5.0;
				TARGETED_DEVICE_FAMILY = "1,2";
				TEST_TARGET_NAME = eliteapartmentsapp;
			};
			name = Release;
		};
/* End XCBuildConfiguration section */

/* Begin XCConfigurationList section */
		94891E112B73165C00DB4444 /* Build configuration list for PBXProject "eliteapartmentsapp" */ = {
			isa = XCConfigurationList;
			buildConfigurations = (
				94891E382B73165F00DB4444 /* Debug */,
				94891E392B73165F00DB4444 /* Release */,
			);
			defaultConfigurationIsVisible = 0;
			defaultConfigurationName = Release;
		};
		94891E3A2B73165F00DB4444 /* Build configuration list for PBXNativeTarget "eliteapartmentsapp" */ = {
			isa = XCConfigurationList;
			buildConfigurations = (
				94891E3B2B73165F00DB4444 /* Debug */,
				94891E3C2B73165F00DB4444 /* Release */,
			);
			defaultConfigurationIsVisible = 0;
			defaultConfigurationName = Release;
		};
		94891E3D2B73165F00DB4444 /* Build configuration list for PBXNativeTarget "eliteapartmentsappTests" */ = {
			isa = XCConfigurationList;
			buildConfigurations = (
				94891E3E2B73165F00DB4444 /* Debug */,
				94891E3F2B73165F00DB4444 /* Release */,
			);
			defaultConfigurationIsVisible = 0;
			defaultConfigurationName = Release;
		};
		94891E402B73165F00DB4444 /* Build configuration list for PBXNativeTarget "eliteapartmentsappUITests" */ = {
			isa = XCConfigurationList;
			buildConfigurations = (
				94891E412B73165F00DB4444 /* Debug */,
				94891E422B73165F00DB4444 /* Release */,
			);
			defaultConfigurationIsVisible = 0;
			defaultConfigurationName = Release;
		};
/* End XCConfigurationList section */
	};
	rootObject = 94891E0E2B73165C00DB4444 /* Project object */;
}
